{
    "_meta": {
        "hash": {
            "sha256": "be7d77879c03d904836c810d3820347b933b462f064a2b298e22f96f0c08df5a"
        },
        "pipfile-spec": 6,
        "requires": {},
        "sources": [
            {
                "name": "pypi",
                "url": "https://pypi.python.org/simple",
                "verify_ssl": true
            }
        ]
    },
    "default": {
        "aiofiles": {
            "hashes": [
                "sha256:021ea0ba314a86027c166ecc4b4c07f2d40fc0f4b3a950d1868a0f2571c2bbee",
                "sha256:1e644c2573f953664368de28d2aa4c89dfd64550429d0c27c4680ccd3aa4985d"
            ],
            "index": "pypi",
            "version": "==0.4.0"
        },
        "aiokafka": {
            "hashes": [
                "sha256:b07faae06647d9bc39d8b0510441838d176edf4074e981a15bbd987bb4a8d363"
            ],
            "index": "pypi",
            "version": "==0.4.3"
        },
        "certifi": {
            "hashes": [
                "sha256:35824b4c3a97115964b408844d64aa14db1cc518f6562e8d7261699d1350a9e3",
                "sha256:4ad3232f5e926d6718ec31cfc1fcadfde020920e278684144551c91769c7bc18"
            ],
            "index": "pypi",
            "version": "==2022.12.7"
        },
        "chardet": {
            "hashes": [
                "sha256:84ab92ed1c4d4f16916e05906b6b75a6c0fb5db821cc65e70cbd64a3e2a5eaae",
                "sha256:fc323ffcaeaed0e0a02bf4d117757b98aed530d9ed4531e3e15460124c106691"
            ],
            "version": "==3.0.4"
        },
        "click": {
            "hashes": [
                "sha256:2335065e6395b9e67ca716de5f7526736bfa6ceead690adf616d925bdc622b13",
                "sha256:5b94b49521f6456670fdb30cd82a4eca9412788a93fa6dd6df72c94d5a8ff2d7"
            ],
            "index": "pypi",
            "version": "==7.0"
        },
        "h11": {
            "hashes": [
                "sha256:8f19fbbe99e72420ff35c00b27a34cb9937e902a8b810e2c88300c6f0a3b699d",
                "sha256:e3fe4ac4b851c468cc8363d500db52c2ead036020723024a109d37346efaa761"
            ],
            "markers": "python_version >= '3.7'",
            "version": "==0.14.0"
        },
        "httptools": {
            "hashes": [
                "sha256:0297822cea9f90a38df29f48e40b42ac3d48a28637368f3ec6d15eebefd182f9",
                "sha256:1af91b3650ce518d226466f30bbba5b6376dbd3ddb1b2be8b0658c6799dd450b",
                "sha256:1f90cd6fd97c9a1b7fe9215e60c3bd97336742a0857f00a4cb31547bc22560c2",
                "sha256:24bb4bb8ac3882f90aa95403a1cb48465de877e2d5298ad6ddcfdebec060787d",
                "sha256:295874861c173f9101960bba332429bb77ed4dcd8cdf5cee9922eb00e4f6bc09",
                "sha256:3625a55886257755cb15194efbf209584754e31d336e09e2ffe0685a76cb4b60",
                "sha256:3a47a34f6015dd52c9eb629c0f5a8a5193e47bf2a12d9a3194d231eaf1bc451a",
                "sha256:3cb8acf8f951363b617a8420768a9f249099b92e703c052f9a51b66342eea89b",
                "sha256:4b098e4bb1174096a93f48f6193e7d9aa7071506a5877da09a783509ca5fff42",
                "sha256:4d9ebac23d2de960726ce45f49d70eb5466725c0087a078866043dad115f850f",
                "sha256:50d4613025f15f4b11f1c54bbed4761c0020f7f921b95143ad6d58c151198142",
                "sha256:5230a99e724a1bdbbf236a1b58d6e8504b912b0552721c7c6b8570925ee0ccde",
                "sha256:54465401dbbec9a6a42cf737627fb0f014d50dc7365a6b6cd57753f151a86ff0",
                "sha256:550059885dc9c19a072ca6d6735739d879be3b5959ec218ba3e013fd2255a11b",
                "sha256:557be7fbf2bfa4a2ec65192c254e151684545ebab45eca5d50477d562c40f986",
                "sha256:5b65be160adcd9de7a7e6413a4966665756e263f0d5ddeffde277ffeee0576a5",
                "sha256:64eba6f168803a7469866a9c9b5263a7463fa8b7a25b35e547492aa7322036b6",
                "sha256:72ad589ba5e4a87e1d404cc1cb1b5780bfcb16e2aec957b88ce15fe879cc08ca",
                "sha256:7d0c1044bce274ec6711f0770fd2d5544fe392591d204c68328e60a46f88843b",
                "sha256:7e5eefc58d20e4c2da82c78d91b2906f1a947ef42bd668db05f4ab4201a99f49",
                "sha256:850fec36c48df5a790aa735417dca8ce7d4b48d59b3ebd6f83e88a8125cde324",
                "sha256:85b392aba273566c3d5596a0a490978c085b79700814fb22bfd537d381dd230c",
                "sha256:8c2a56b6aad7cc8f5551d8e04ff5a319d203f9d870398b94702300de50190f63",
                "sha256:8f470c79061599a126d74385623ff4744c4e0f4a0997a353a44923c0b561ee51",
                "sha256:8ffce9d81c825ac1deaa13bc9694c0562e2840a48ba21cfc9f3b4c922c16f372",
                "sha256:9423a2de923820c7e82e18980b937893f4aa8251c43684fa1772e341f6e06887",
                "sha256:9b571b281a19762adb3f48a7731f6842f920fa71108aff9be49888320ac3e24d",
                "sha256:a04fe458a4597aa559b79c7f48fe3dceabef0f69f562daf5c5e926b153817281",
                "sha256:aa47ffcf70ba6f7848349b8a6f9b481ee0f7637931d91a9860a1838bfc586901",
                "sha256:bede7ee075e54b9a5bde695b4fc8f569f30185891796b2e4e09e2226801d09bd",
                "sha256:c1d2357f791b12d86faced7b5736dea9ef4f5ecdc6c3f253e445ee82da579449",
                "sha256:c6eeefd4435055a8ebb6c5cc36111b8591c192c56a95b45fe2af22d9881eee25",
                "sha256:ca1b7becf7d9d3ccdbb2f038f665c0f4857e08e1d8481cbcc1a86a0afcfb62b2",
                "sha256:e67d4f8734f8054d2c4858570cc4b233bf753f56e85217de4dfb2495904cf02e",
                "sha256:e8a34e4c0ab7b1ca17b8763613783e2458e77938092c18ac919420ab8655c8c1",
                "sha256:e90491a4d77d0cb82e0e7a9cb35d86284c677402e4ce7ba6b448ccc7325c5421",
                "sha256:ef1616b3ba965cd68e6f759eeb5d34fbf596a79e84215eeceebf34ba3f61fdc7",
                "sha256:f222e1e9d3f13b68ff8a835574eda02e67277d51631d69d7cf7f8e07df678c86",
                "sha256:f5e3088f4ed33947e16fd865b8200f9cfae1144f41b64a8cf19b599508e096bc",
                "sha256:f659d7a48401158c59933904040085c200b4be631cb5f23a7d561fbae593ec1f",
                "sha256:fe9c766a0c35b7e3d6b6939393c8dfdd5da3ac5dec7f971ec9134f284c6c36d6"
            ],
            "markers": "python_full_version >= '3.5.0'",
            "version": "==0.5.0"
        },
        "idna": {
            "hashes": [
                "sha256:156a6814fb5ac1fc6850fb002e0852d56c0c8d2531923a51032d1b70760e186e",
                "sha256:684a38a6f903c1d71d6d5fac066b58d7768af4de2b832e426ec79c30daa94a16"
            ],
            "version": "==2.7"
        },
        "kafka-python": {
            "hashes": [
                "sha256:078acdcd1fc6eddacc46d437c664998b4cf7613b7e79ced66a460965f2648f88",
                "sha256:0b56f286b674dcb331d80c1d39a01a753cc3acc962bee707da5f207db74f0a26"
            ],
            "version": "==1.4.3"
        },
        "pony": {
            "hashes": [
                "sha256:0d72f4ab9d50d42f275606c0c2812aa704bf3a37ac8f2a60c9892eff3f90d615",
                "sha256:b18434011c03c2981e44a2cfbbaeec4bdebe30adb434d1dfd6be8f59d07f37bd",
                "sha256:c6dee426b50001a5cf984f201b2b61d66acd8f5018813e3a587467971f30ec2a"
            ],
            "index": "pypi",
            "version": "==0.7.6"
        },
        "requests": {
            "hashes": [
                "sha256:65b3a120e4329e33c9889db89c80976c5272f56ea92d3e74da8a463992e3ff54",
                "sha256:ea881206e59f41dbd0bd445437d792e43906703fff75ca8ff43ccdb11f33f263"
            ],
            "index": "pypi",
            "version": "==2.20.1"
        },
        "starlette": {
            "hashes": [
                "sha256:7069286d87d6f63eb1b13f4ed5127c2cb8905aacd68b4abc55e987b3b3f7868c"
            ],
            "index": "pypi",
            "version": "==0.8.8"
        },
        "ujson": {
            "hashes": [
                "sha256:f66073e5506e91d204ab0c614a148d5aa938bdbf104751be66f8ad7a222f5f86"
            ],
            "index": "pypi",
            "version": "==1.35"
        },
        "urllib3": {
            "hashes": [
                "sha256:2393a695cd12afedd0dcb26fe5d50d0cf248e5a66f75dbd89a3d4eb333a61af4",
                "sha256:a637e5fae88995b256e3409dc4d52c2e2e0ba32c42a6365fee8bbd2238de3cfb"
            ],
            "markers": "python_version >= '2.7' and python_version not in '3.0, 3.1, 3.2, 3.3' and python_version < '4'",
            "version": "==1.24.3"
        },
        "uvicorn": {
            "hashes": [
                "sha256:94a150fbb6ab7ef07063c1a767127058420b061634ae78c29c53c215446f4b38"
            ],
            "index": "pypi",
            "version": "==0.3.21"
        },
        "uvloop": {
            "hashes": [
                "sha256:0949caf774b9fcefc7c5756bacbbbd3fc4c05a6b7eebc7c7ad6f825b23998d6d",
                "sha256:0ddf6baf9cf11a1a22c71487f39f15b2cf78eb5bde7e5b45fbb99e8a9d91b9e1",
                "sha256:1436c8673c1563422213ac6907789ecb2b070f5939b9cbff9ef7113f2b531595",
                "sha256:23609ca361a7fc587031429fa25ad2ed7242941adec948f9d10c045bfecab06b",
                "sha256:2a6149e1defac0faf505406259561bc14b034cdf1d4711a3ddcdfbaa8d825a05",
                "sha256:2deae0b0fb00a6af41fe60a675cec079615b01d68beb4cc7b722424406b126a8",
                "sha256:307958f9fc5c8bb01fad752d1345168c0abc5d62c1b72a4a8c6c06f042b45b20",
                "sha256:30babd84706115626ea78ea5dbc7dd8d0d01a2e9f9b306d24ca4ed5796c66ded",
                "sha256:3378eb62c63bf336ae2070599e49089005771cc651c8769aaad72d1bd9385a7c",
                "sha256:3d97672dc709fa4447ab83276f344a165075fd9f366a97b712bdd3fee05efae8",
                "sha256:3db8de10ed684995a7f34a001f15b374c230f7655ae840964d51496e2f8a8474",
                "sha256:3ebeeec6a6641d0adb2ea71dcfb76017602ee2bfd8213e3fcc18d8f699c5104f",
                "sha256:45cea33b208971e87a31c17622e4b440cac231766ec11e5d22c76fab3bf9df62",
                "sha256:6708f30db9117f115eadc4f125c2a10c1a50d711461699a0cbfaa45b9a78e376",
                "sha256:68532f4349fd3900b839f588972b3392ee56042e440dd5873dfbbcd2cc67617c",
                "sha256:6aafa5a78b9e62493539456f8b646f85abc7093dd997f4976bb105537cf2635e",
                "sha256:7d37dccc7ae63e61f7b96ee2e19c40f153ba6ce730d8ba4d3b4e9738c1dccc1b",
                "sha256:864e1197139d651a76c81757db5eb199db8866e13acb0dfe96e6fc5d1cf45fc4",
                "sha256:8887d675a64cfc59f4ecd34382e5b4f0ef4ae1da37ed665adba0c2badf0d6578",
                "sha256:8efcadc5a0003d3a6e887ccc1fb44dec25594f117a94e3127954c05cf144d811",
                "sha256:9b09e0f0ac29eee0451d71798878eae5a4e6a91aa275e114037b27f7db72702d",
                "sha256:a4aee22ece20958888eedbad20e4dbb03c37533e010fb824161b4f05e641f738",
                "sha256:a5abddb3558d3f0a78949c750644a67be31e47936042d4f6c888dd6f3c95f4aa",
                "sha256:c092a2c1e736086d59ac8e41f9c98f26bbf9b9222a76f21af9dfe949b99b2eb9",
                "sha256:c686a47d57ca910a2572fddfe9912819880b8765e2f01dc0dd12a9bf8573e539",
                "sha256:cbbe908fda687e39afd6ea2a2f14c2c3e43f2ca88e3a11964b297822358d0e6c",
                "sha256:ce9f61938d7155f79d3cb2ffa663147d4a76d16e08f65e2c66b77bd41b356718",
                "sha256:dbbaf9da2ee98ee2531e0c780455f2841e4675ff580ecf93fe5c48fe733b5667",
                "sha256:f1e507c9ee39c61bfddd79714e4f85900656db1aec4d40c6de55648e85c2799c",
                "sha256:ff3d00b70ce95adce264462c930fbaecb29718ba6563db354608f37e49e09024"
            ],
            "markers": "python_version >= '3.7'",
            "version": "==0.17.0"
        },
        "websockets": {
            "hashes": [
                "sha256:00213676a2e46b6ebf6045bc11d0f529d9120baa6f58d122b4021ad92adabd41",
                "sha256:00c870522cdb69cd625b93f002961ffb0c095394f06ba8c48f17eef7c1541f96",
                "sha256:0154f7691e4fe6c2b2bc275b5701e8b158dae92a1ab229e2b940efe11905dff4",
                "sha256:05a7233089f8bd355e8cbe127c2e8ca0b4ea55467861906b80d2ebc7db4d6b72",
                "sha256:09a1814bb15eff7069e51fed0826df0bc0702652b5cb8f87697d469d79c23576",
                "sha256:0cff816f51fb33c26d6e2b16b5c7d48eaa31dae5488ace6aae468b361f422b63",
                "sha256:185929b4808b36a79c65b7865783b87b6841e852ef5407a2fb0c03381092fa3b",
                "sha256:2fc8709c00704194213d45e455adc106ff9e87658297f72d544220e32029cd3d",
                "sha256:33d69ca7612f0ddff3316b0c7b33ca180d464ecac2d115805c044bf0a3b0d032",
                "sha256:389f8dbb5c489e305fb113ca1b6bdcdaa130923f77485db5b189de343a179393",
                "sha256:38ea7b82bfcae927eeffc55d2ffa31665dc7fec7b8dc654506b8e5a518eb4d50",
                "sha256:3d3cac3e32b2c8414f4f87c1b2ab686fa6284a980ba283617404377cd448f631",
                "sha256:40e826de3085721dabc7cf9bfd41682dadc02286d8cf149b3ad05bff89311e4f",
                "sha256:4239b6027e3d66a89446908ff3027d2737afc1a375f8fd3eea630a4842ec9a0c",
                "sha256:45ec8e75b7dbc9539cbfafa570742fe4f676eb8b0d3694b67dabe2f2ceed8aa6",
                "sha256:47a2964021f2110116cc1125b3e6d87ab5ad16dea161949e7244ec583b905bb4",
                "sha256:48c08473563323f9c9debac781ecf66f94ad5a3680a38fe84dee5388cf5acaf6",
                "sha256:4c6d2264f485f0b53adf22697ac11e261ce84805c232ed5dbe6b1bcb84b00ff0",
                "sha256:4f72e5cd0f18f262f5da20efa9e241699e0cf3a766317a17392550c9ad7b37d8",
                "sha256:56029457f219ade1f2fc12a6504ea61e14ee227a815531f9738e41203a429112",
                "sha256:5c1289596042fad2cdceb05e1ebf7aadf9995c928e0da2b7a4e99494953b1b94",
                "sha256:62e627f6b6d4aed919a2052efc408da7a545c606268d5ab5bfab4432734b82b4",
                "sha256:74de2b894b47f1d21cbd0b37a5e2b2392ad95d17ae983e64727e18eb281fe7cb",
                "sha256:7c584f366f46ba667cfa66020344886cf47088e79c9b9d39c84ce9ea98aaa331",
                "sha256:7d27a7e34c313b3a7f91adcd05134315002aaf8540d7b4f90336beafaea6217c",
                "sha256:7d3f0b61c45c3fa9a349cf484962c559a8a1d80dae6977276df8fd1fa5e3cb8c",
                "sha256:82ff5e1cae4e855147fd57a2863376ed7454134c2bf49ec604dfe71e446e2193",
                "sha256:84bc2a7d075f32f6ed98652db3a680a17a4edb21ca7f80fe42e38753a58ee02b",
                "sha256:884be66c76a444c59f801ac13f40c76f176f1bfa815ef5b8ed44321e74f1600b",
                "sha256:8a5cc00546e0a701da4639aa0bbcb0ae2bb678c87f46da01ac2d789e1f2d2038",
                "sha256:8dc96f64ae43dde92530775e9cb169979f414dcf5cff670455d81a6823b42089",
                "sha256:8f38706e0b15d3c20ef6259fd4bc1700cd133b06c3c1bb108ffe3f8947be15fa",
                "sha256:90fcf8929836d4a0e964d799a58823547df5a5e9afa83081761630553be731f9",
                "sha256:931c039af54fc195fe6ad536fde4b0de04da9d5916e78e55405436348cfb0e56",
                "sha256:932af322458da7e4e35df32f050389e13d3d96b09d274b22a7aa1808f292fee4",
                "sha256:942de28af58f352a6f588bc72490ae0f4ccd6dfc2bd3de5945b882a078e4e179",
                "sha256:9bc42e8402dc5e9905fb8b9649f57efcb2056693b7e88faa8fb029256ba9c68c",
                "sha256:a7a240d7a74bf8d5cb3bfe6be7f21697a28ec4b1a437607bae08ac7acf5b4882",
                "sha256:a9f9a735deaf9a0cadc2d8c50d1a5bcdbae8b6e539c6e08237bc4082d7c13f28",
                "sha256:ae5e95cfb53ab1da62185e23b3130e11d64431179debac6dc3c6acf08760e9b1",
                "sha256:b029fb2032ae4724d8ae8d4f6b363f2cc39e4c7b12454df8df7f0f563ed3e61a",
                "sha256:b0d15c968ea7a65211e084f523151dbf8ae44634de03c801b8bd070b74e85033",
                "sha256:b343f521b047493dc4022dd338fc6db9d9282658862756b4f6fd0e996c1380e1",
                "sha256:b627c266f295de9dea86bd1112ed3d5fafb69a348af30a2422e16590a8ecba13",
                "sha256:b9968694c5f467bf67ef97ae7ad4d56d14be2751000c1207d31bf3bb8860bae8",
                "sha256:ba089c499e1f4155d2a3c2a05d2878a3428cf321c848f2b5a45ce55f0d7d310c",
                "sha256:bbccd847aa0c3a69b5f691a84d2341a4f8a629c6922558f2a70611305f902d74",
                "sha256:bc0b82d728fe21a0d03e65f81980abbbcb13b5387f733a1a870672c5be26edab",
                "sha256:c57e4c1349fbe0e446c9fa7b19ed2f8a4417233b6984277cce392819123142d3",
                "sha256:c94ae4faf2d09f7c81847c63843f84fe47bf6253c9d60b20f25edfd30fb12588",
                "sha256:c9b27d6c1c6cd53dc93614967e9ce00ae7f864a2d9f99fe5ed86706e1ecbf485",
                "sha256:d210abe51b5da0ffdbf7b43eed0cfdff8a55a1ab17abbec4301c9ff077dd0342",
                "sha256:d58804e996d7d2307173d56c297cf7bc132c52df27a3efaac5e8d43e36c21c48",
                "sha256:d6a4162139374a49eb18ef5b2f4da1dd95c994588f5033d64e0bbfda4b6b6fcf",
                "sha256:da39dd03d130162deb63da51f6e66ed73032ae62e74aaccc4236e30edccddbb0",
                "sha256:db3c336f9eda2532ec0fd8ea49fef7a8df8f6c804cdf4f39e5c5c0d4a4ad9a7a",
                "sha256:dd500e0a5e11969cdd3320935ca2ff1e936f2358f9c2e61f100a1660933320ea",
                "sha256:dd9becd5fe29773d140d68d607d66a38f60e31b86df75332703757ee645b6faf",
                "sha256:e0cb5cc6ece6ffa75baccfd5c02cffe776f3f5c8bf486811f9d3ea3453676ce8",
                "sha256:e23173580d740bf8822fd0379e4bf30aa1d5a92a4f252d34e893070c081050df",
                "sha256:e3a686ecb4aa0d64ae60c9c9f1a7d5d46cab9bfb5d91a2d303d00e2cd4c4c5cc",
                "sha256:e789376b52c295c4946403bd0efecf27ab98f05319df4583d3c48e43c7342c2f",
                "sha256:edc344de4dac1d89300a053ac973299e82d3db56330f3494905643bb68801269",
                "sha256:eef610b23933c54d5d921c92578ae5f89813438fded840c2e9809d378dc765d3",
                "sha256:f2c38d588887a609191d30e902df2a32711f708abfd85d318ca9b367258cfd0c",
                "sha256:f55b5905705725af31ccef50e55391621532cd64fbf0bc6f4bac935f0fccec46",
                "sha256:f5fc088b7a32f244c519a048c170f14cf2251b849ef0e20cbbb0fdf0fdaf556f",
                "sha256:fe10ddc59b304cb19a1bdf5bd0a7719cbbc9fbdd57ac80ed436b709fcf889106",
                "sha256:ff64a1d38d156d429404aaa84b27305e957fd10c30e5880d1765c9480bea490f"
            ],
            "markers": "python_version >= '3.7'",
            "version": "==10.4"
        }
    },
    "develop": {
        "appdirs": {
            "hashes": [
                "sha256:7d5d0167b2b1ba821647616af46a749d1c653740dd0d2415100fe26e27afdf41",
                "sha256:a841dacd6b99318a741b166adb07e19ee71a274450e68237b4650ca1055ab128"
            ],
            "version": "==1.4.4"
        },
        "astroid": {
            "hashes": [
                "sha256:10e0ad5f7b79c435179d0d0f0df69998c4eef4597534aae44910db060baeb907",
                "sha256:1493fe8bd3dfd73dc35bd53c9d5b6e49ead98497c47b2307662556a5692d29d7"
            ],
            "markers": "python_full_version >= '3.7.2'",
            "version": "==2.12.13"
        },
        "atomicwrites": {
            "hashes": [
                "sha256:81b2c9071a49367a7f770170e5eec8cb66567cfbbc8c73d20ce5ca4a8d71cf11"
            ],
            "version": "==1.4.1"
        },
        "attrs": {
            "hashes": [
                "sha256:29adc2665447e5191d0e7c568fde78b21f9672d344281d0c6e1ab085429b22b6",
                "sha256:86efa402f67bf2df34f51a335487cf46b1ec130d02b8d39fd248abfd30da551c"
            ],
            "markers": "python_version >= '3.5'",
            "version": "==22.1.0"
        },
        "backcall": {
            "hashes": [
                "sha256:5cbdbf27be5e7cfadb448baf0aa95508f91f2bbc6c6437cd9cd06e2a4c215e1e",
                "sha256:fbbce6a29f263178a1f7915c1940bde0ec2b2a967566fe1c65c1dfb7422bd255"
            ],
            "version": "==0.2.0"
        },
        "black": {
            "hashes": [
                "sha256:817243426042db1d36617910df579a54f1afd659adb96fc5032fcf4b36209739",
                "sha256:e030a9a28f542debc08acceb273f228ac422798e5215ba2a791a6ddeaaca22a5"
            ],
            "index": "pypi",
            "version": "==18.9b0"
        },
        "click": {
            "hashes": [
                "sha256:2335065e6395b9e67ca716de5f7526736bfa6ceead690adf616d925bdc622b13",
                "sha256:5b94b49521f6456670fdb30cd82a4eca9412788a93fa6dd6df72c94d5a8ff2d7"
            ],
            "index": "pypi",
            "version": "==7.0"
        },
        "decorator": {
            "hashes": [
                "sha256:637996211036b6385ef91435e4fae22989472f9d571faba8927ba8253acbc330",
                "sha256:b8c3f85900b9dc423225913c5aace94729fe1fa9763b38939a95226f02d37186"
            ],
            "markers": "python_version >= '3.5'",
            "version": "==5.1.1"
        },
        "ipython": {
            "hashes": [
                "sha256:a5781d6934a3341a1f9acb4ea5acdc7ea0a0855e689dbe755d070ca51e995435",
                "sha256:b10a7ddd03657c761fc503495bc36471c8158e3fc948573fb9fe82a7029d8efd"
            ],
            "index": "pypi",
            "version": "==7.1.1"
        },
        "isort": {
            "hashes": [
                "sha256:1153601da39a25b14ddc54955dbbacbb6b2d19135386699e2ad58517953b34af",
                "sha256:b9c40e9750f3d77e6e4d441d8b0266cf555e7cdabdcff33c4fd06366ca761ef8",
                "sha256:ec9ef8f4a9bc6f71eec99e1806bfa2de401650d996c59330782b89a5555c1497"
            ],
            "index": "pypi",
            "version": "==4.3.4"
        },
        "jedi": {
            "hashes": [
                "sha256:203c1fd9d969ab8f2119ec0a3342e0b49910045abe6af0a3ae83a5764d54639e",
                "sha256:bae794c30d07f6d910d32a7048af09b5a39ed740918da923c6b780790ebac612"
            ],
            "markers": "python_version >= '3.6'",
            "version": "==0.18.2"
        },
        "lazy-object-proxy": {
            "hashes": [
                "sha256:0c1c7c0433154bb7c54185714c6929acc0ba04ee1b167314a779b9025517eada",
                "sha256:14010b49a2f56ec4943b6cf925f597b534ee2fe1f0738c84b3bce0c1a11ff10d",
                "sha256:4e2d9f764f1befd8bdc97673261b8bb888764dfdbd7a4d8f55e4fbcabb8c3fb7",
                "sha256:4fd031589121ad46e293629b39604031d354043bb5cdf83da4e93c2d7f3389fe",
                "sha256:5b51d6f3bfeb289dfd4e95de2ecd464cd51982fe6f00e2be1d0bf94864d58acd",
                "sha256:6850e4aeca6d0df35bb06e05c8b934ff7c533734eb51d0ceb2d63696f1e6030c",
                "sha256:6f593f26c470a379cf7f5bc6db6b5f1722353e7bf937b8d0d0b3fba911998858",
                "sha256:71d9ae8a82203511a6f60ca5a1b9f8ad201cac0fc75038b2dc5fa519589c9288",
                "sha256:7e1561626c49cb394268edd00501b289053a652ed762c58e1081224c8d881cec",
                "sha256:8f6ce2118a90efa7f62dd38c7dbfffd42f468b180287b748626293bf12ed468f",
                "sha256:ae032743794fba4d171b5b67310d69176287b5bf82a21f588282406a79498891",
                "sha256:afcaa24e48bb23b3be31e329deb3f1858f1f1df86aea3d70cb5c8578bfe5261c",
                "sha256:b70d6e7a332eb0217e7872a73926ad4fdc14f846e85ad6749ad111084e76df25",
                "sha256:c219a00245af0f6fa4e95901ed28044544f50152840c5b6a3e7b2568db34d156",
                "sha256:ce58b2b3734c73e68f0e30e4e725264d4d6be95818ec0a0be4bb6bf9a7e79aa8",
                "sha256:d176f392dbbdaacccf15919c77f526edf11a34aece58b55ab58539807b85436f",
                "sha256:e20bfa6db17a39c706d24f82df8352488d2943a3b7ce7d4c22579cb89ca8896e",
                "sha256:eac3a9a5ef13b332c059772fd40b4b1c3d45a3a2b05e33a361dee48e54a4dad0",
                "sha256:eb329f8d8145379bf5dbe722182410fe8863d186e51bf034d2075eb8d85ee25b"
            ],
            "markers": "python_version >= '3.7'",
            "version": "==1.8.0"
        },
        "mccabe": {
            "hashes": [
                "sha256:348e0240c33b60bbdf4e523192ef919f28cb2c3d7d5c7794f74009290f236325",
                "sha256:6c2d30ab6be0e4a46919781807b4f0d834ebdd6c6e3dca0bda5a15f863427b6e"
            ],
            "markers": "python_version >= '3.6'",
            "version": "==0.7.0"
        },
        "more-itertools": {
            "hashes": [
                "sha256:250e83d7e81d0c87ca6bd942e6aeab8cc9daa6096d12c5308f3f92fa5e5c1f41",
                "sha256:5a6257e40878ef0520b1803990e3e22303a41b5714006c32a3fd8304b26ea1ab"
            ],
            "markers": "python_version >= '3.7'",
            "version": "==9.0.0"
        },
        "parso": {
            "hashes": [
                "sha256:8c07be290bb59f03588915921e29e8a50002acaf2cdc5fa0e0114f91709fafa0",
                "sha256:c001d4636cd3aecdaf33cbb40aebb59b094be2a74c556778ef5576c175e19e75"
            ],
            "markers": "python_version >= '3.6'",
            "version": "==0.8.3"
        },
        "pexpect": {
            "hashes": [
                "sha256:0b48a55dcb3c05f3329815901ea4fc1537514d6ba867a152b581d69ae3710937",
                "sha256:fc65a43959d153d0114afe13997d439c22823a27cefceb5ff35c2178c6784c0c"
            ],
            "markers": "sys_platform != 'win32'",
            "version": "==4.8.0"
        },
        "pickleshare": {
            "hashes": [
                "sha256:87683d47965c1da65cdacaf31c8441d12b8044cdec9aca500cd78fc2c683afca",
                "sha256:9649af414d74d4df115d5d718f82acb59c9d418196b7b4290ed47a12ce62df56"
            ],
            "version": "==0.7.5"
        },
        "pluggy": {
            "hashes": [
                "sha256:4224373bacce55f955a878bf9cfa763c1e360858e330072059e10bad68531159",
                "sha256:74134bbf457f031a36d68416e1509f34bd5ccc019f0bcc952c7b909d06b37bd3"
            ],
            "markers": "python_version >= '3.6'",
            "version": "==1.0.0"
        },
        "prompt-toolkit": {
            "hashes": [
                "sha256:46642344ce457641f28fc9d1c9ca939b63dadf8df128b86f1b9860e59c73a5e4",
                "sha256:e7f8af9e3d70f514373bf41aa51bc33af12a6db3f71461ea47fea985defb2c31",
                "sha256:f15af68f66e664eaa559d4ac8a928111eebd5feda0c11738b5998045224829db"
            ],
            "version": "==2.0.10"
        },
        "ptyprocess": {
            "hashes": [
                "sha256:4b41f3967fce3af57cc7e94b888626c18bf37a083e3651ca8feeb66d492fef35",
                "sha256:5c5d0a3b48ceee0b48485e0c26037c0acd7d29765ca3fbb5cb3831d347423220"
            ],
            "version": "==0.7.0"
        },
        "py": {
            "hashes": [
                "sha256:51c75c4126074b472f746a24399ad32f6053d1b34b68d2fa41e558e6f4a98719",
                "sha256:607c53218732647dff4acdfcd50cb62615cedf612e72d1724fb1a0cc6405b378"
            ],
            "markers": "python_version >= '2.7' and python_version not in '3.0, 3.1, 3.2, 3.3, 3.4'",
            "version": "==1.11.0"
        },
        "pygments": {
            "hashes": [
                "sha256:56a8508ae95f98e2b9bdf93a6be5ae3f7d8af858b43e02c5a2ff083726be40c1",
                "sha256:f643f331ab57ba3c9d89212ee4a2dabc6e94f117cf4eefde99a0574720d14c42"
            ],
            "markers": "python_version >= '3.6'",
            "version": "==2.13.0"
        },
        "pylint": {
            "hashes": [
                "sha256:1d6d3622c94b4887115fe5204982eee66fdd8a951cf98635ee5caee6ec98c3ec",
                "sha256:31142f764d2a7cd41df5196f9933b12b7ee55e73ef12204b648ad7e556c119fb"
            ],
            "index": "pypi",
            "version": "==2.1.1"
        },
        "pytest": {
            "hashes": [
                "sha256:1d131cc532be0023ef8ae265e2a779938d0619bb6c2510f52987ffcba7fa1ee4",
                "sha256:ca4761407f1acc85ffd1609f464ca20bb71a767803505bd4127d0e45c5a50e23"
            ],
            "index": "pypi",
            "version": "==4.0.1"
        },
        "setuptools": {
            "hashes": [
                "sha256:57f6f22bde4e042978bcd50176fdb381d7c21a9efa4041202288d3737a0c6a54",
                "sha256:a7620757bf984b58deaf32fc8a4577a9bbc0850cf92c20e1ce41c38c19e5fb75"
            ],
            "markers": "python_version >= '3.7'",
            "version": "==65.6.3"
        },
        "six": {
            "hashes": [
                "sha256:1e61c37477a1626458e36f7b1d82aa5c9b094fa4802892072e49de9c60c4c926",
                "sha256:8abb2f1d86890a2dfb989f9a77cfcfd3e47c2a354b01111771326f8aa26e0254"
            ],
            "markers": "python_version >= '2.7' and python_version not in '3.0, 3.1, 3.2, 3.3'",
            "version": "==1.16.0"
        },
        "toml": {
            "hashes": [
                "sha256:806143ae5bfb6a3c6e736a764057db0e6a0e05e338b5630894a5f779cabb4f9b",
                "sha256:b3bda1d108d5dd99f4a20d24d9c348e91c4db7ab1b749200bded2f839ccbe68f"
            ],
            "markers": "python_version >= '2.6' and python_version not in '3.0, 3.1, 3.2, 3.3'",
            "version": "==0.10.2"
        },
        "traitlets": {
            "hashes": [
                "sha256:10b6ed1c9cedee83e795db70a8b9c2db157bb3778ec4587a349ecb7ef3b1033b",
                "sha256:1410755385d778aed847d68deb99b3ba30fbbf489e17a1e8cbb753060d5cce73"
            ],
            "markers": "python_version >= '3.7'",
            "version": "==5.6.0"
        },
        "wcwidth": {
            "hashes": [
                "sha256:beb4802a9cebb9144e99086eff703a642a13d6a0052920003a230f3294bbe784",
                "sha256:c4d647b99872929fdb7bdcaa4fbe7f01413ed3d98077df798530e5b04f116c83"
            ],
            "version": "==0.2.5"
        },
        "wrapt": {
            "hashes": [
                "sha256:00b6d4ea20a906c0ca56d84f93065b398ab74b927a7a3dbd470f6fc503f95dc3",
                "sha256:01c205616a89d09827986bc4e859bcabd64f5a0662a7fe95e0d359424e0e071b",
                "sha256:02b41b633c6261feff8ddd8d11c711df6842aba629fdd3da10249a53211a72c4",
                "sha256:07f7a7d0f388028b2df1d916e94bbb40624c59b48ecc6cbc232546706fac74c2",
                "sha256:11871514607b15cfeb87c547a49bca19fde402f32e2b1c24a632506c0a756656",
                "sha256:1b376b3f4896e7930f1f772ac4b064ac12598d1c38d04907e696cc4d794b43d3",
                "sha256:21ac0156c4b089b330b7666db40feee30a5d52634cc4560e1905d6529a3897ff",
                "sha256:257fd78c513e0fb5cdbe058c27a0624c9884e735bbd131935fd49e9fe719d310",
                "sha256:2b39d38039a1fdad98c87279b48bc5dce2c0ca0d73483b12cb72aa9609278e8a",
                "sha256:2cf71233a0ed05ccdabe209c606fe0bac7379fdcf687f39b944420d2a09fdb57",
                "sha256:2fe803deacd09a233e4762a1adcea5db5d31e6be577a43352936179d14d90069",
                "sha256:3232822c7d98d23895ccc443bbdf57c7412c5a65996c30442ebe6ed3df335383",
                "sha256:34aa51c45f28ba7f12accd624225e2b1e5a3a45206aa191f6f9aac931d9d56fe",
                "sha256:36f582d0c6bc99d5f39cd3ac2a9062e57f3cf606ade29a0a0d6b323462f4dd87",
                "sha256:380a85cf89e0e69b7cfbe2ea9f765f004ff419f34194018a6827ac0e3edfed4d",
                "sha256:40e7bc81c9e2b2734ea4bc1aceb8a8f0ceaac7c5299bc5d69e37c44d9081d43b",
                "sha256:43ca3bbbe97af00f49efb06e352eae40434ca9d915906f77def219b88e85d907",
                "sha256:4fcc4649dc762cddacd193e6b55bc02edca674067f5f98166d7713b193932b7f",
                "sha256:5a0f54ce2c092aaf439813735584b9537cad479575a09892b8352fea5e988dc0",
                "sha256:5a9a0d155deafd9448baff28c08e150d9b24ff010e899311ddd63c45c2445e28",
                "sha256:5b02d65b9ccf0ef6c34cba6cf5bf2aab1bb2f49c6090bafeecc9cd81ad4ea1c1",
                "sha256:60db23fa423575eeb65ea430cee741acb7c26a1365d103f7b0f6ec412b893853",
                "sha256:642c2e7a804fcf18c222e1060df25fc210b9c58db7c91416fb055897fc27e8cc",
                "sha256:6a9a25751acb379b466ff6be78a315e2b439d4c94c1e99cb7266d40a537995d3",
                "sha256:6b1a564e6cb69922c7fe3a678b9f9a3c54e72b469875aa8018f18b4d1dd1adf3",
                "sha256:6d323e1554b3d22cfc03cd3243b5bb815a51f5249fdcbb86fda4bf62bab9e164",
                "sha256:6e743de5e9c3d1b7185870f480587b75b1cb604832e380d64f9504a0535912d1",
                "sha256:709fe01086a55cf79d20f741f39325018f4df051ef39fe921b1ebe780a66184c",
                "sha256:7b7c050ae976e286906dd3f26009e117eb000fb2cf3533398c5ad9ccc86867b1",
                "sha256:7d2872609603cb35ca513d7404a94d6d608fc13211563571117046c9d2bcc3d7",
                "sha256:7ef58fb89674095bfc57c4069e95d7a31cfdc0939e2a579882ac7d55aadfd2a1",
                "sha256:80bb5c256f1415f747011dc3604b59bc1f91c6e7150bd7db03b19170ee06b320",
                "sha256:81b19725065dcb43df02b37e03278c011a09e49757287dca60c5aecdd5a0b8ed",
                "sha256:833b58d5d0b7e5b9832869f039203389ac7cbf01765639c7309fd50ef619e0b1",
                "sha256:88bd7b6bd70a5b6803c1abf6bca012f7ed963e58c68d76ee20b9d751c74a3248",
                "sha256:8ad85f7f4e20964db4daadcab70b47ab05c7c1cf2a7c1e51087bfaa83831854c",
                "sha256:8c0ce1e99116d5ab21355d8ebe53d9460366704ea38ae4d9f6933188f327b456",
                "sha256:8d649d616e5c6a678b26d15ece345354f7c2286acd6db868e65fcc5ff7c24a77",
                "sha256:903500616422a40a98a5a3c4ff4ed9d0066f3b4c951fa286018ecdf0750194ef",
                "sha256:9736af4641846491aedb3c3f56b9bc5568d92b0692303b5a305301a95dfd38b1",
                "sha256:988635d122aaf2bdcef9e795435662bcd65b02f4f4c1ae37fbee7401c440b3a7",
                "sha256:9cca3c2cdadb362116235fdbd411735de4328c61425b0aa9f872fd76d02c4e86",
                "sha256:9e0fd32e0148dd5dea6af5fee42beb949098564cc23211a88d799e434255a1f4",
                "sha256:9f3e6f9e05148ff90002b884fbc2a86bd303ae847e472f44ecc06c2cd2fcdb2d",
                "sha256:a85d2b46be66a71bedde836d9e41859879cc54a2a04fad1191eb50c2066f6e9d",
                "sha256:a9a52172be0b5aae932bef82a79ec0a0ce87288c7d132946d645eba03f0ad8a8",
                "sha256:aa31fdcc33fef9eb2552cbcbfee7773d5a6792c137b359e82879c101e98584c5",
                "sha256:b014c23646a467558be7da3d6b9fa409b2c567d2110599b7cf9a0c5992b3b471",
                "sha256:b21bb4c09ffabfa0e85e3a6b623e19b80e7acd709b9f91452b8297ace2a8ab00",
                "sha256:b5901a312f4d14c59918c221323068fad0540e34324925c8475263841dbdfe68",
                "sha256:b9b7a708dd92306328117d8c4b62e2194d00c365f18eff11a9b53c6f923b01e3",
                "sha256:d1967f46ea8f2db647c786e78d8cc7e4313dbd1b0aca360592d8027b8508e24d",
                "sha256:d52a25136894c63de15a35bc0bdc5adb4b0e173b9c0d07a2be9d3ca64a332735",
                "sha256:d77c85fedff92cf788face9bfa3ebaa364448ebb1d765302e9af11bf449ca36d",
                "sha256:d79d7d5dc8a32b7093e81e97dad755127ff77bcc899e845f41bf71747af0c569",
                "sha256:dbcda74c67263139358f4d188ae5faae95c30929281bc6866d00573783c422b7",
                "sha256:ddaea91abf8b0d13443f6dac52e89051a5063c7d014710dcb4d4abb2ff811a59",
                "sha256:dee0ce50c6a2dd9056c20db781e9c1cfd33e77d2d569f5d1d9321c641bb903d5",
                "sha256:dee60e1de1898bde3b238f18340eec6148986da0455d8ba7848d50470a7a32fb",
                "sha256:e2f83e18fe2f4c9e7db597e988f72712c0c3676d337d8b101f6758107c42425b",
                "sha256:e3fb1677c720409d5f671e39bac6c9e0e422584e5f518bfd50aa4cbbea02433f",
                "sha256:ee2b1b1769f6707a8a445162ea16dddf74285c3964f605877a20e38545c3c462",
                "sha256:ee6acae74a2b91865910eef5e7de37dc6895ad96fa23603d1d27ea69df545015",
                "sha256:ef3f72c9666bba2bab70d2a8b79f2c6d2c1a42a7f7e2b0ec83bb2f9e383950af"
            ],
            "markers": "python_version >= '3.11'",
            "version": "==1.14.1"
        }
    }
}
